// !$*UTF8*$!
{
	archiveVersion = 1;
	classes = {
	};
	objectVersion = 50;
	objects = {

/* Begin PBXBuildFile section */
		1F5776F625B3CF5600435B4A /* GoogleService-Info.plist in Resources */ = {isa = PBXBuildFile; fileRef = 1F5776F525B3CF5600435B4A /* GoogleService-Info.plist */; };
		6D6CA52D25B3B92E00DEDA90 /* global_gratisApp.swift in Sources */ = {isa = PBXBuildFile; fileRef = 6D6CA52C25B3B92E00DEDA90 /* global_gratisApp.swift */; };
		6D6CA52F25B3B92E00DEDA90 /* ContentView.swift in Sources */ = {isa = PBXBuildFile; fileRef = 6D6CA52E25B3B92E00DEDA90 /* ContentView.swift */; };
		6D6CA53125B3B92E00DEDA90 /* Assets.xcassets in Resources */ = {isa = PBXBuildFile; fileRef = 6D6CA53025B3B92E00DEDA90 /* Assets.xcassets */; };
		6D6CA53425B3B92E00DEDA90 /* Preview Assets.xcassets in Resources */ = {isa = PBXBuildFile; fileRef = 6D6CA53325B3B92E00DEDA90 /* Preview Assets.xcassets */; };
		CC3161EAE29C422B5AB05C52 /* Pods_global_gratis.framework in Frameworks */ = {isa = PBXBuildFile; fileRef = 6A1C6597F10EF007B6BC6492 /* Pods_global_gratis.framework */; };
/* End PBXBuildFile section */

/* Begin PBXFileReference section */
		1F5776F525B3CF5600435B4A /* GoogleService-Info.plist */ = {isa = PBXFileReference; lastKnownFileType = text.plist; path = "GoogleService-Info.plist"; sourceTree = SOURCE_ROOT; };
		6A1C6597F10EF007B6BC6492 /* Pods_global_gratis.framework */ = {isa = PBXFileReference; explicitFileType = wrapper.framework; includeInIndex = 0; path = Pods_global_gratis.framework; sourceTree = BUILT_PRODUCTS_DIR; };
		6D6CA52925B3B92E00DEDA90 /* global gratis.app */ = {isa = PBXFileReference; explicitFileType = wrapper.application; includeInIndex = 0; path = "global gratis.app"; sourceTree = BUILT_PRODUCTS_DIR; };
		6D6CA52C25B3B92E00DEDA90 /* global_gratisApp.swift */ = {isa = PBXFileReference; lastKnownFileType = sourcecode.swift; path = global_gratisApp.swift; sourceTree = "<group>"; };
		6D6CA52E25B3B92E00DEDA90 /* ContentView.swift */ = {isa = PBXFileReference; lastKnownFileType = sourcecode.swift; path = ContentView.swift; sourceTree = "<group>"; };
		6D6CA53025B3B92E00DEDA90 /* Assets.xcassets */ = {isa = PBXFileReference; lastKnownFileType = folder.assetcatalog; path = Assets.xcassets; sourceTree = "<group>"; };
		6D6CA53325B3B92E00DEDA90 /* Preview Assets.xcassets */ = {isa = PBXFileReference; lastKnownFileType = folder.assetcatalog; path = "Preview Assets.xcassets"; sourceTree = "<group>"; };
		6D6CA53525B3B92E00DEDA90 /* Info.plist */ = {isa = PBXFileReference; lastKnownFileType = text.plist.xml; path = Info.plist; sourceTree = "<group>"; };
		709128689F963B4027AFE7A1 /* Pods-global gratis.release.xcconfig */ = {isa = PBXFileReference; includeInIndex = 1; lastKnownFileType = text.xcconfig; name = "Pods-global gratis.release.xcconfig"; path = "Target Support Files/Pods-global gratis/Pods-global gratis.release.xcconfig"; sourceTree = "<group>"; };
		956AA0A99F9D9EC0E267823B /* Pods-global gratis.debug.xcconfig */ = {isa = PBXFileReference; includeInIndex = 1; lastKnownFileType = text.xcconfig; name = "Pods-global gratis.debug.xcconfig"; path = "Target Support Files/Pods-global gratis/Pods-global gratis.debug.xcconfig"; sourceTree = "<group>"; };
/* End PBXFileReference section */

/* Begin PBXFrameworksBuildPhase section */
		6D6CA52625B3B92E00DEDA90 /* Frameworks */ = {
			isa = PBXFrameworksBuildPhase;
			buildActionMask = 2147483647;
			files = (
				CC3161EAE29C422B5AB05C52 /* Pods_global_gratis.framework in Frameworks */,
			);
			runOnlyForDeploymentPostprocessing = 0;
		};
/* End PBXFrameworksBuildPhase section */

/* Begin PBXGroup section */
		13509633FB3D118B436A3345 /* Pods */ = {
			isa = PBXGroup;
			children = (
				956AA0A99F9D9EC0E267823B /* Pods-global gratis.debug.xcconfig */,
				709128689F963B4027AFE7A1 /* Pods-global gratis.release.xcconfig */,
			);
			name = Pods;
			path = Pods;
			sourceTree = "<group>";
		};
		55E4F4DD7F478854689D5B24 /* Frameworks */ = {
			isa = PBXGroup;
			children = (
				6A1C6597F10EF007B6BC6492 /* Pods_global_gratis.framework */,
			);
			name = Frameworks;
			sourceTree = "<group>";
		};
		6D6CA52025B3B92E00DEDA90 = {
			isa = PBXGroup;
			children = (
				6D6CA52B25B3B92E00DEDA90 /* global gratis */,
				6D6CA52A25B3B92E00DEDA90 /* Products */,
				13509633FB3D118B436A3345 /* Pods */,
				55E4F4DD7F478854689D5B24 /* Frameworks */,
			);
			sourceTree = "<group>";
		};
		6D6CA52A25B3B92E00DEDA90 /* Products */ = {
			isa = PBXGroup;
			children = (
				6D6CA52925B3B92E00DEDA90 /* global gratis.app */,
			);
			name = Products;
			sourceTree = "<group>";
		};
		6D6CA52B25B3B92E00DEDA90 /* global gratis */ = {
			isa = PBXGroup;
			children = (
				6D6CA52C25B3B92E00DEDA90 /* global_gratisApp.swift */,
				6D6CA52E25B3B92E00DEDA90 /* ContentView.swift */,
				1F5776F525B3CF5600435B4A /* GoogleService-Info.plist */,
				6D6CA53025B3B92E00DEDA90 /* Assets.xcassets */,
				6D6CA53525B3B92E00DEDA90 /* Info.plist */,
				6D6CA53225B3B92E00DEDA90 /* Preview Content */,
			);
			path = "global gratis";
			sourceTree = "<group>";
		};
		6D6CA53225B3B92E00DEDA90 /* Preview Content */ = {
			isa = PBXGroup;
			children = (
				6D6CA53325B3B92E00DEDA90 /* Preview Assets.xcassets */,
			);
			path = "Preview Content";
			sourceTree = "<group>";
		};
/* End PBXGroup section */

/* Begin PBXNativeTarget section */
		6D6CA52825B3B92E00DEDA90 /* global gratis */ = {
			isa = PBXNativeTarget;
			buildConfigurationList = 6D6CA53825B3B92E00DEDA90 /* Build configuration list for PBXNativeTarget "global gratis" */;
			buildPhases = (
				B65FD1651616C5A3EF5AAB7D /* [CP] Check Pods Manifest.lock */,
				6D6CA52525B3B92E00DEDA90 /* Sources */,
				6D6CA52625B3B92E00DEDA90 /* Frameworks */,
				6D6CA52725B3B92E00DEDA90 /* Resources */,
				6B01ADE44138BBA8758E609D /* [CP] Embed Pods Frameworks */,
			);
			buildRules = (
			);
			dependencies = (
			);
			name = "global gratis";
			productName = "global gratis";
			productReference = 6D6CA52925B3B92E00DEDA90 /* global gratis.app */;
			productType = "com.apple.product-type.application";
		};
/* End PBXNativeTarget section */

/* Begin PBXProject section */
		6D6CA52125B3B92E00DEDA90 /* Project object */ = {
			isa = PBXProject;
			attributes = {
				LastSwiftUpdateCheck = 1230;
				LastUpgradeCheck = 1230;
				TargetAttributes = {
					6D6CA52825B3B92E00DEDA90 = {
						CreatedOnToolsVersion = 12.3;
					};
				};
			};
			buildConfigurationList = 6D6CA52425B3B92E00DEDA90 /* Build configuration list for PBXProject "global gratis" */;
			compatibilityVersion = "Xcode 9.3";
			developmentRegion = en;
			hasScannedForEncodings = 0;
			knownRegions = (
				en,
				Base,
			);
			mainGroup = 6D6CA52025B3B92E00DEDA90;
			productRefGroup = 6D6CA52A25B3B92E00DEDA90 /* Products */;
			projectDirPath = "";
			projectRoot = "";
			targets = (
				6D6CA52825B3B92E00DEDA90 /* global gratis */,
			);
		};
/* End PBXProject section */

/* Begin PBXResourcesBuildPhase section */
		6D6CA52725B3B92E00DEDA90 /* Resources */ = {
			isa = PBXResourcesBuildPhase;
			buildActionMask = 2147483647;
			files = (
				6D6CA53425B3B92E00DEDA90 /* Preview Assets.xcassets in Resources */,
				6D6CA53125B3B92E00DEDA90 /* Assets.xcassets in Resources */,
				1F5776F625B3CF5600435B4A /* GoogleService-Info.plist in Resources */,
			);
			runOnlyForDeploymentPostprocessing = 0;
		};
/* End PBXResourcesBuildPhase section */

/* Begin PBXShellScriptBuildPhase section */
		6B01ADE44138BBA8758E609D /* [CP] Embed Pods Frameworks */ = {
			isa = PBXShellScriptBuildPhase;
			buildActionMask = 2147483647;
			files = (
			);
			inputFileListPaths = (
				"${PODS_ROOT}/Target Support Files/Pods-global gratis/Pods-global gratis-frameworks-${CONFIGURATION}-input-files.xcfilelist",
			);
			name = "[CP] Embed Pods Frameworks";
			outputFileListPaths = (
				"${PODS_ROOT}/Target Support Files/Pods-global gratis/Pods-global gratis-frameworks-${CONFIGURATION}-output-files.xcfilelist",
			);
			runOnlyForDeploymentPostprocessing = 0;
			shellPath = /bin/sh;
			shellScript = "\"${PODS_ROOT}/Target Support Files/Pods-global gratis/Pods-global gratis-frameworks.sh\"\n";
			showEnvVarsInLog = 0;
		};
		B65FD1651616C5A3EF5AAB7D /* [CP] Check Pods Manifest.lock */ = {
			isa = PBXShellScriptBuildPhase;
			buildActionMask = 2147483647;
			files = (
			);
			inputFileListPaths = (
			);
			inputPaths = (
				"${PODS_PODFILE_DIR_PATH}/Podfile.lock",
				"${PODS_ROOT}/Manifest.lock",
			);
			name = "[CP] Check Pods Manifest.lock";
			outputFileListPaths = (
			);
			outputPaths = (
				"$(DERIVED_FILE_DIR)/Pods-global gratis-checkManifestLockResult.txt",
			);
			runOnlyForDeploymentPostprocessing = 0;
			shellPath = /bin/sh;
			shellScript = "diff \"${PODS_PODFILE_DIR_PATH}/Podfile.lock\" \"${PODS_ROOT}/Manifest.lock\" > /dev/null\nif [ $? != 0 ] ; then\n    # print error to STDERR\n    echo \"error: The sandbox is not in sync with the Podfile.lock. Run 'pod install' or update your CocoaPods installation.\" >&2\n    exit 1\nfi\n# This output is used by Xcode 'outputs' to avoid re-running this script phase.\necho \"SUCCESS\" > \"${SCRIPT_OUTPUT_FILE_0}\"\n";
			showEnvVarsInLog = 0;
		};
/* End PBXShellScriptBuildPhase section */

/* Begin PBXSourcesBuildPhase section */
		6D6CA52525B3B92E00DEDA90 /* Sources */ = {
			isa = PBXSourcesBuildPhase;
			buildActionMask = 2147483647;
			files = (
				6D6CA52F25B3B92E00DEDA90 /* ContentView.swift in Sources */,
				6D6CA52D25B3B92E00DEDA90 /* global_gratisApp.swift in Sources */,
			);
			runOnlyForDeploymentPostprocessing = 0;
		};
/* End PBXSourcesBuildPhase section */

/* Begin XCBuildConfiguration section */
		6D6CA53625B3B92E00DEDA90 /* Debug */ = {
			isa = XCBuildConfiguration;
			buildSettings = {
				ALWAYS_SEARCH_USER_PATHS = NO;
				CLANG_ANALYZER_NONNULL = YES;
				CLANG_ANALYZER_NUMBER_OBJECT_CONVERSION = YES_AGGRESSIVE;
				CLANG_CXX_LANGUAGE_STANDARD = "gnu++14";
				CLANG_CXX_LIBRARY = "libc++";
				CLANG_ENABLE_MODULES = YES;
				CLANG_ENABLE_OBJC_ARC = YES;
				CLANG_ENABLE_OBJC_WEAK = YES;
				CLANG_WARN_BLOCK_CAPTURE_AUTORELEASING = YES;
				CLANG_WARN_BOOL_CONVERSION = YES;
				CLANG_WARN_COMMA = YES;
				CLANG_WARN_CONSTANT_CONVERSION = YES;
				CLANG_WARN_DEPRECATED_OBJC_IMPLEMENTATIONS = YES;
				CLANG_WARN_DIRECT_OBJC_ISA_USAGE = YES_ERROR;
				CLANG_WARN_DOCUMENTATION_COMMENTS = YES;
				CLANG_WARN_EMPTY_BODY = YES;
				CLANG_WARN_ENUM_CONVERSION = YES;
				CLANG_WARN_INFINITE_RECURSION = YES;
				CLANG_WARN_INT_CONVERSION = YES;
				CLANG_WARN_NON_LITERAL_NULL_CONVERSION = YES;
				CLANG_WARN_OBJC_IMPLICIT_RETAIN_SELF = YES;
				CLANG_WARN_OBJC_LITERAL_CONVERSION = YES;
				CLANG_WARN_OBJC_ROOT_CLASS = YES_ERROR;
				CLANG_WARN_QUOTED_INCLUDE_IN_FRAMEWORK_HEADER = YES;
				CLANG_WARN_RANGE_LOOP_ANALYSIS = YES;
				CLANG_WARN_STRICT_PROTOTYPES = YES;
				CLANG_WARN_SUSPICIOUS_MOVE = YES;
				CLANG_WARN_UNGUARDED_AVAILABILITY = YES_AGGRESSIVE;
				CLANG_WARN_UNREACHABLE_CODE = YES;
				CLANG_WARN__DUPLICATE_METHOD_MATCH = YES;
				COPY_PHASE_STRIP = NO;
				DEBUG_INFORMATION_FORMAT = dwarf;
				ENABLE_STRICT_OBJC_MSGSEND = YES;
				ENABLE_TESTABILITY = YES;
				GCC_C_LANGUAGE_STANDARD = gnu11;
				GCC_DYNAMIC_NO_PIC = NO;
				GCC_NO_COMMON_BLOCKS = YES;
				GCC_OPTIMIZATION_LEVEL = 0;
				GCC_PREPROCESSOR_DEFINITIONS = (
					"DEBUG=1",
					"$(inherited)",
				);
				GCC_WARN_64_TO_32_BIT_CONVERSION = YES;
				GCC_WARN_ABOUT_RETURN_TYPE = YES_ERROR;
				GCC_WARN_UNDECLARED_SELECTOR = YES;
				GCC_WARN_UNINITIALIZED_AUTOS = YES_AGGRESSIVE;
				GCC_WARN_UNUSED_FUNCTION = YES;
				GCC_WARN_UNUSED_VARIABLE = YES;
				IPHONEOS_DEPLOYMENT_TARGET = 14.3;
				MTL_ENABLE_DEBUG_INFO = INCLUDE_SOURCE;
				MTL_FAST_MATH = YES;
				ONLY_ACTIVE_ARCH = YES;
				SDKROOT = iphoneos;
				SWIFT_ACTIVE_COMPILATION_CONDITIONS = DEBUG;
				SWIFT_OPTIMIZATION_LEVEL = "-Onone";
			};
			name = Debug;
		};
		6D6CA53725B3B92E00DEDA90 /* Release */ = {
			isa = XCBuildConfiguration;
			buildSettings = {
				ALWAYS_SEARCH_USER_PATHS = NO;
				CLANG_ANALYZER_NONNULL = YES;
				CLANG_ANALYZER_NUMBER_OBJECT_CONVERSION = YES_AGGRESSIVE;
				CLANG_CXX_LANGUAGE_STANDARD = "gnu++14";
				CLANG_CXX_LIBRARY = "libc++";
				CLANG_ENABLE_MODULES = YES;
				CLANG_ENABLE_OBJC_ARC = YES;
				CLANG_ENABLE_OBJC_WEAK = YES;
				CLANG_WARN_BLOCK_CAPTURE_AUTORELEASING = YES;
				CLANG_WARN_BOOL_CONVERSION = YES;
				CLANG_WARN_COMMA = YES;
				CLANG_WARN_CONSTANT_CONVERSION = YES;
				CLANG_WARN_DEPRECATED_OBJC_IMPLEMENTATIONS = YES;
				CLANG_WARN_DIRECT_OBJC_ISA_USAGE = YES_ERROR;
				CLANG_WARN_DOCUMENTATION_COMMENTS = YES;
				CLANG_WARN_EMPTY_BODY = YES;
				CLANG_WARN_ENUM_CONVERSION = YES;
				CLANG_WARN_INFINITE_RECURSION = YES;
				CLANG_WARN_INT_CONVERSION = YES;
				CLANG_WARN_NON_LITERAL_NULL_CONVERSION = YES;
				CLANG_WARN_OBJC_IMPLICIT_RETAIN_SELF = YES;
				CLANG_WARN_OBJC_LITERAL_CONVERSION = YES;
				CLANG_WARN_OBJC_ROOT_CLASS = YES_ERROR;
				CLANG_WARN_QUOTED_INCLUDE_IN_FRAMEWORK_HEADER = YES;
				CLANG_WARN_RANGE_LOOP_ANALYSIS = YES;
				CLANG_WARN_STRICT_PROTOTYPES = YES;
				CLANG_WARN_SUSPICIOUS_MOVE = YES;
				CLANG_WARN_UNGUARDED_AVAILABILITY = YES_AGGRESSIVE;
				CLANG_WARN_UNREACHABLE_CODE = YES;
				CLANG_WARN__DUPLICATE_METHOD_MATCH = YES;
				COPY_PHASE_STRIP = NO;
				DEBUG_INFORMATION_FORMAT = "dwarf-with-dsym";
				ENABLE_NS_ASSERTIONS = NO;
				ENABLE_STRICT_OBJC_MSGSEND = YES;
				GCC_C_LANGUAGE_STANDARD = gnu11;
				GCC_NO_COMMON_BLOCKS = YES;
				GCC_WARN_64_TO_32_BIT_CONVERSION = YES;
				GCC_WARN_ABOUT_RETURN_TYPE = YES_ERROR;
				GCC_WARN_UNDECLARED_SELECTOR = YES;
				GCC_WARN_UNINITIALIZED_AUTOS = YES_AGGRESSIVE;
				GCC_WARN_UNUSED_FUNCTION = YES;
				GCC_WARN_UNUSED_VARIABLE = YES;
				IPHONEOS_DEPLOYMENT_TARGET = 14.3;
				MTL_ENABLE_DEBUG_INFO = NO;
				MTL_FAST_MATH = YES;
				SDKROOT = iphoneos;
				SWIFT_COMPILATION_MODE = wholemodule;
				SWIFT_OPTIMIZATION_LEVEL = "-O";
				VALIDATE_PRODUCT = YES;
			};
			name = Release;
		};
		6D6CA53925B3B92E00DEDA90 /* Debug */ = {
			isa = XCBuildConfiguration;
			baseConfigurationReference = 956AA0A99F9D9EC0E267823B /* Pods-global gratis.debug.xcconfig */;
			buildSettings = {
				ASSETCATALOG_COMPILER_APPICON_NAME = AppIcon;
				ASSETCATALOG_COMPILER_GLOBAL_ACCENT_COLOR_NAME = AccentColor;
				CODE_SIGN_STYLE = Automatic;
				DEVELOPMENT_ASSET_PATHS = "\"global gratis/Preview Content\"";
				ENABLE_PREVIEWS = YES;
				INFOPLIST_FILE = "global gratis/Info.plist";
				IPHONEOS_DEPLOYMENT_TARGET = 14.0;
				LD_RUNPATH_SEARCH_PATHS = (
					"$(inherited)",
					"@executable_path/Frameworks",
				);
				PRODUCT_BUNDLE_IDENTIFIER = "com.food.global-gratis";
				PRODUCT_NAME = "$(TARGET_NAME)";
				SWIFT_VERSION = 5.0;
				TARGETED_DEVICE_FAMILY = "1,2";
			};
			name = Debug;
		};
		6D6CA53A25B3B92E00DEDA90 /* Release */ = {
			isa = XCBuildConfiguration;
			baseConfigurationReference = 709128689F963B4027AFE7A1 /* Pods-global gratis.release.xcconfig */;
			buildSettings = {
				ASSETCATALOG_COMPILER_APPICON_NAME = AppIcon;
				ASSETCATALOG_COMPILER_GLOBAL_ACCENT_COLOR_NAME = AccentColor;
				CODE_SIGN_STYLE = Automatic;
				DEVELOPMENT_ASSET_PATHS = "\"global gratis/Preview Content\"";
				ENABLE_PREVIEWS = YES;
				INFOPLIST_FILE = "global gratis/Info.plist";
				IPHONEOS_DEPLOYMENT_TARGET = 14.0;
				LD_RUNPATH_SEARCH_PATHS = (
					"$(inherited)",
					"@executable_path/Frameworks",
				);
				PRODUCT_BUNDLE_IDENTIFIER = "com.food.global-gratis";
				PRODUCT_NAME = "$(TARGET_NAME)";
				SWIFT_VERSION = 5.0;
				TARGETED_DEVICE_FAMILY = "1,2";
			};
			name = Release;
		};
/* End XCBuildConfiguration section */

/* Begin XCConfigurationList section */
		6D6CA52425B3B92E00DEDA90 /* Build configuration list for PBXProject "global gratis" */ = {
			isa = XCConfigurationList;
			buildConfigurations = (
				6D6CA53625B3B92E00DEDA90 /* Debug */,
				6D6CA53725B3B92E00DEDA90 /* Release */,
			);
			defaultConfigurationIsVisible = 0;
			defaultConfigurationName = Release;
		};
		6D6CA53825B3B92E00DEDA90 /* Build configuration list for PBXNativeTarget "global gratis" */ = {
			isa = XCConfigurationList;
			buildConfigurations = (
				6D6CA53925B3B92E00DEDA90 /* Debug */,
				6D6CA53A25B3B92E00DEDA90 /* Release */,
			);
			defaultConfigurationIsVisible = 0;
			defaultConfigurationName = Release;
		};
/* End XCConfigurationList section */
	};
	rootObject = 6D6CA52125B3B92E00DEDA90 /* Project object */;
}
